
Microsoft Visual Studio Solution File, Format Version 12.00
# Visual Studio Version 17
VisualStudioVersion = 17.4.33015.44
MinimumVisualStudioVersion = 10.0.40219.1
Project("{9A19103F-16F7-4668-BE54-9A1E7A4F7556}") = "BlazorApp", "BlazorApp.csproj", "{018A5E2B-E952-4B06-9F29-E4DF1945114A}"
EndProject
Global
	GlobalSection(SolutionConfigurationPlatforms) = preSolution
		Debug|Any CPU = Debug|Any CPU
		Release|Any CPU = Release|Any CPU
	EndGlobalSection
	GlobalSection(ProjectConfigurationPlatforms) = postSolution
		{018A5E2B-E952-4B06-9F29-E4DF1945114A}.Debug|Any CPU.ActiveCfg = Debug|Any CPU
		{018A5E2B-E952-4B06-9F29-E4DF1945114A}.Debug|Any CPU.Build.0 = Debug|Any CPU
		{018A5E2B-E952-4B06-9F29-E4DF1945114A}.Release|Any CPU.ActiveCfg = Release|Any CPU
		{018A5E2B-E952-4B06-9F29-E4DF1945114A}.Release|Any CPU.Build.0 = Release|Any CPU
	EndGlobalSection
	GlobalSection(SolutionProperties) = preSolution
		HideSolutionNode = FALSE
	EndGlobalSection
	GlobalSection(ExtensibilityGlobals) = postSolution
		SolutionGuid = {86CCAE2E-3402-469F-8AF0-FF75E4DD12FB}
	EndGlobalSection
EndGlobal
